
Microsoft Visual Studio Solution File, Format Version 12.00
# Visual Studio Version 17
VisualStudioVersion = 17.4.33213.308
MinimumVisualStudioVersion = 10.0.40219.1
Project("{9A19103F-16F7-4668-BE54-9A1E7A4F7556}") = "Webshop.Desktop", "Webshop.Desktop\Webshop.Desktop.csproj", "{13D29F84-F51B-42CA-89E2-F20BD863DB6E}"
	ProjectSection(ProjectDependencies) = postProject
		{A7757909-A641-4CDA-9767-77F708E5D69E} = {A7757909-A641-4CDA-9767-77F708E5D69E}
		{CB239DEA-D9C2-4E7E-8563-685E407FB7BE} = {CB239DEA-D9C2-4E7E-8563-685E407FB7BE}
	EndProjectSection
EndProject
Project("{9A19103F-16F7-4668-BE54-9A1E7A4F7556}") = "Webshop.Desktop.Core", "Webshop.Desktop.Core\Webshop.Desktop.Core.csproj", "{34F58E73-5046-4953-9F16-B91AE06BAE38}"
EndProject
Project("{9A19103F-16F7-4668-BE54-9A1E7A4F7556}") = "Webshop.Repository", "Webshop.Repository\Webshop.Repository.csproj", "{CB239DEA-D9C2-4E7E-8563-685E407FB7BE}"
	ProjectSection(ProjectDependencies) = postProject
		{34F58E73-5046-4953-9F16-B91AE06BAE38} = {34F58E73-5046-4953-9F16-B91AE06BAE38}
	EndProjectSection
EndProject
Project("{9A19103F-16F7-4668-BE54-9A1E7A4F7556}") = "Webshop.Business", "Webshop.Business\Webshop.Business.csproj", "{A7757909-A641-4CDA-9767-77F708E5D69E}"
	ProjectSection(ProjectDependencies) = postProject
		{34F58E73-5046-4953-9F16-B91AE06BAE38} = {34F58E73-5046-4953-9F16-B91AE06BAE38}
		{CB239DEA-D9C2-4E7E-8563-685E407FB7BE} = {CB239DEA-D9C2-4E7E-8563-685E407FB7BE}
	EndProjectSection
EndProject
Global
	GlobalSection(SolutionConfigurationPlatforms) = preSolution
		Debug|Any CPU = Debug|Any CPU
		Debug|arm64 = Debug|arm64
		Debug|x64 = Debug|x64
		Debug|x86 = Debug|x86
		Release|Any CPU = Release|Any CPU
		Release|arm64 = Release|arm64
		Release|x64 = Release|x64
		Release|x86 = Release|x86
	EndGlobalSection
	GlobalSection(ProjectConfigurationPlatforms) = postSolution
		{13D29F84-F51B-42CA-89E2-F20BD863DB6E}.Debug|Any CPU.ActiveCfg = Debug|x64
		{13D29F84-F51B-42CA-89E2-F20BD863DB6E}.Debug|Any CPU.Build.0 = Debug|x64
		{13D29F84-F51B-42CA-89E2-F20BD863DB6E}.Debug|Any CPU.Deploy.0 = Debug|x64
		{13D29F84-F51B-42CA-89E2-F20BD863DB6E}.Debug|arm64.ActiveCfg = Debug|arm64
		{13D29F84-F51B-42CA-89E2-F20BD863DB6E}.Debug|arm64.Build.0 = Debug|arm64
		{13D29F84-F51B-42CA-89E2-F20BD863DB6E}.Debug|arm64.Deploy.0 = Debug|arm64
		{13D29F84-F51B-42CA-89E2-F20BD863DB6E}.Debug|x64.ActiveCfg = Debug|x64
		{13D29F84-F51B-42CA-89E2-F20BD863DB6E}.Debug|x64.Build.0 = Debug|x64
		{13D29F84-F51B-42CA-89E2-F20BD863DB6E}.Debug|x64.Deploy.0 = Debug|x64
		{13D29F84-F51B-42CA-89E2-F20BD863DB6E}.Debug|x86.ActiveCfg = Debug|x86
		{13D29F84-F51B-42CA-89E2-F20BD863DB6E}.Debug|x86.Build.0 = Debug|x86
		{13D29F84-F51B-42CA-89E2-F20BD863DB6E}.Debug|x86.Deploy.0 = Debug|x86
		{13D29F84-F51B-42CA-89E2-F20BD863DB6E}.Release|Any CPU.ActiveCfg = Release|x64
		{13D29F84-F51B-42CA-89E2-F20BD863DB6E}.Release|Any CPU.Build.0 = Release|x64
		{13D29F84-F51B-42CA-89E2-F20BD863DB6E}.Release|Any CPU.Deploy.0 = Release|x64
		{13D29F84-F51B-42CA-89E2-F20BD863DB6E}.Release|arm64.ActiveCfg = Release|arm64
		{13D29F84-F51B-42CA-89E2-F20BD863DB6E}.Release|arm64.Build.0 = Release|arm64
		{13D29F84-F51B-42CA-89E2-F20BD863DB6E}.Release|arm64.Deploy.0 = Release|arm64
		{13D29F84-F51B-42CA-89E2-F20BD863DB6E}.Release|x64.ActiveCfg = Release|x64
		{13D29F84-F51B-42CA-89E2-F20BD863DB6E}.Release|x64.Build.0 = Release|x64
		{13D29F84-F51B-42CA-89E2-F20BD863DB6E}.Release|x64.Deploy.0 = Release|x64
		{13D29F84-F51B-42CA-89E2-F20BD863DB6E}.Release|x86.ActiveCfg = Release|x86
		{13D29F84-F51B-42CA-89E2-F20BD863DB6E}.Release|x86.Build.0 = Release|x86
		{13D29F84-F51B-42CA-89E2-F20BD863DB6E}.Release|x86.Deploy.0 = Release|x86
		{34F58E73-5046-4953-9F16-B91AE06BAE38}.Debug|Any CPU.ActiveCfg = Debug|Any CPU
		{34F58E73-5046-4953-9F16-B91AE06BAE38}.Debug|Any CPU.Build.0 = Debug|Any CPU
		{34F58E73-5046-4953-9F16-B91AE06BAE38}.Debug|arm64.ActiveCfg = Debug|arm64
		{34F58E73-5046-4953-9F16-B91AE06BAE38}.Debug|arm64.Build.0 = Debug|arm64
		{34F58E73-5046-4953-9F16-B91AE06BAE38}.Debug|x64.ActiveCfg = Debug|x64
		{34F58E73-5046-4953-9F16-B91AE06BAE38}.Debug|x64.Build.0 = Debug|x64
		{34F58E73-5046-4953-9F16-B91AE06BAE38}.Debug|x86.ActiveCfg = Debug|x86
		{34F58E73-5046-4953-9F16-B91AE06BAE38}.Debug|x86.Build.0 = Debug|x86
		{34F58E73-5046-4953-9F16-B91AE06BAE38}.Release|Any CPU.ActiveCfg = Release|Any CPU
		{34F58E73-5046-4953-9F16-B91AE06BAE38}.Release|Any CPU.Build.0 = Release|Any CPU
		{34F58E73-5046-4953-9F16-B91AE06BAE38}.Release|arm64.ActiveCfg = Release|arm64
		{34F58E73-5046-4953-9F16-B91AE06BAE38}.Release|arm64.Build.0 = Release|arm64
		{34F58E73-5046-4953-9F16-B91AE06BAE38}.Release|x64.ActiveCfg = Release|x64
		{34F58E73-5046-4953-9F16-B91AE06BAE38}.Release|x64.Build.0 = Release|x64
		{34F58E73-5046-4953-9F16-B91AE06BAE38}.Release|x86.ActiveCfg = Release|x86
		{34F58E73-5046-4953-9F16-B91AE06BAE38}.Release|x86.Build.0 = Release|x86
		{CB239DEA-D9C2-4E7E-8563-685E407FB7BE}.Debug|Any CPU.ActiveCfg = Debug|Any CPU
		{CB239DEA-D9C2-4E7E-8563-685E407FB7BE}.Debug|Any CPU.Build.0 = Debug|Any CPU
		{CB239DEA-D9C2-4E7E-8563-685E407FB7BE}.Debug|arm64.ActiveCfg = Debug|Any CPU
		{CB239DEA-D9C2-4E7E-8563-685E407FB7BE}.Debug|arm64.Build.0 = Debug|Any CPU
		{CB239DEA-D9C2-4E7E-8563-685E407FB7BE}.Debug|x64.ActiveCfg = Debug|Any CPU
		{CB239DEA-D9C2-4E7E-8563-685E407FB7BE}.Debug|x64.Build.0 = Debug|Any CPU
		{CB239DEA-D9C2-4E7E-8563-685E407FB7BE}.Debug|x86.ActiveCfg = Debug|Any CPU
		{CB239DEA-D9C2-4E7E-8563-685E407FB7BE}.Debug|x86.Build.0 = Debug|Any CPU
		{CB239DEA-D9C2-4E7E-8563-685E407FB7BE}.Release|Any CPU.ActiveCfg = Release|Any CPU
		{CB239DEA-D9C2-4E7E-8563-685E407FB7BE}.Release|Any CPU.Build.0 = Release|Any CPU
		{CB239DEA-D9C2-4E7E-8563-685E407FB7BE}.Release|arm64.ActiveCfg = Release|Any CPU
		{CB239DEA-D9C2-4E7E-8563-685E407FB7BE}.Release|arm64.Build.0 = Release|Any CPU
		{CB239DEA-D9C2-4E7E-8563-685E407FB7BE}.Release|x64.ActiveCfg = Release|Any CPU
		{CB239DEA-D9C2-4E7E-8563-685E407FB7BE}.Release|x64.Build.0 = Release|Any CPU
		{CB239DEA-D9C2-4E7E-8563-685E407FB7BE}.Release|x86.ActiveCfg = Release|Any CPU
		{CB239DEA-D9C2-4E7E-8563-685E407FB7BE}.Release|x86.Build.0 = Release|Any CPU
		{A7757909-A641-4CDA-9767-77F708E5D69E}.Debug|Any CPU.ActiveCfg = Debug|Any CPU
		{A7757909-A641-4CDA-9767-77F708E5D69E}.Debug|Any CPU.Build.0 = Debug|Any CPU
		{A7757909-A641-4CDA-9767-77F708E5D69E}.Debug|arm64.ActiveCfg = Debug|Any CPU
		{A7757909-A641-4CDA-9767-77F708E5D69E}.Debug|arm64.Build.0 = Debug|Any CPU
		{A7757909-A641-4CDA-9767-77F708E5D69E}.Debug|x64.ActiveCfg = Debug|Any CPU
		{A7757909-A641-4CDA-9767-77F708E5D69E}.Debug|x64.Build.0 = Debug|Any CPU
		{A7757909-A641-4CDA-9767-77F708E5D69E}.Debug|x86.ActiveCfg = Debug|Any CPU
		{A7757909-A641-4CDA-9767-77F708E5D69E}.Debug|x86.Build.0 = Debug|Any CPU
		{A7757909-A641-4CDA-9767-77F708E5D69E}.Release|Any CPU.ActiveCfg = Release|Any CPU
		{A7757909-A641-4CDA-9767-77F708E5D69E}.Release|Any CPU.Build.0 = Release|Any CPU
		{A7757909-A641-4CDA-9767-77F708E5D69E}.Release|arm64.ActiveCfg = Release|Any CPU
		{A7757909-A641-4CDA-9767-77F708E5D69E}.Release|arm64.Build.0 = Release|Any CPU
		{A7757909-A641-4CDA-9767-77F708E5D69E}.Release|x64.ActiveCfg = Release|Any CPU
		{A7757909-A641-4CDA-9767-77F708E5D69E}.Release|x64.Build.0 = Release|Any CPU
		{A7757909-A641-4CDA-9767-77F708E5D69E}.Release|x86.ActiveCfg = Release|Any CPU
		{A7757909-A641-4CDA-9767-77F708E5D69E}.Release|x86.Build.0 = Release|Any CPU
	EndGlobalSection
	GlobalSection(SolutionProperties) = preSolution
		HideSolutionNode = FALSE
	EndGlobalSection
	GlobalSection(ExtensibilityGlobals) = postSolution
		SolutionGuid = {BB0C9461-45D1-4385-8FD4-8968D3EAF13C}
	EndGlobalSection
EndGlobal
